
Microsoft Visual Studio Solution File, Format Version 12.00
# Visual Studio Version 16
VisualStudioVersion = 16.0.28803.156
MinimumVisualStudioVersion = 10.0.40219.1
Project("{8BC9CEB8-8B4A-11D0-8D11-00A0C91BC942}") = "GlfwTest", "GlfwTest\GlfwTest.vcxproj", "{2FE756DA-90C1-4E12-B4C1-D88E732AF69B}"
EndProject
Global
	GlobalSection(SolutionConfigurationPlatforms) = preSolution
		Debug|x64 = Debug|x64
		Debug|x86 = Debug|x86
		Release|x64 = Release|x64
		Release|x86 = Release|x86
	EndGlobalSection
	GlobalSection(ProjectConfigurationPlatforms) = postSolution
		{2FE756DA-90C1-4E12-B4C1-D88E732AF69B}.Debug|x64.ActiveCfg = Debug|x64
		{2FE756DA-90C1-4E12-B4C1-D88E732AF69B}.Debug|x64.Build.0 = Debug|x64
		{2FE756DA-90C1-4E12-B4C1-D88E732AF69B}.Debug|x86.ActiveCfg = Debug|Win32
		{2FE756DA-90C1-4E12-B4C1-D88E732AF69B}.Debug|x86.Build.0 = Debug|Win32
		{2FE756DA-90C1-4E12-B4C1-D88E732AF69B}.Release|x64.ActiveCfg = Release|x64
		{2FE756DA-90C1-4E12-B4C1-D88E732AF69B}.Release|x64.Build.0 = Release|x64
		{2FE756DA-90C1-4E12-B4C1-D88E732AF69B}.Release|x86.ActiveCfg = Release|Win32
		{2FE756DA-90C1-4E12-B4C1-D88E732AF69B}.Release|x86.Build.0 = Release|Win32
	EndGlobalSection
	GlobalSection(SolutionProperties) = preSolution
		HideSolutionNode = FALSE
	EndGlobalSection
	GlobalSection(ExtensibilityGlobals) = postSolution
		SolutionGuid = {7E26DC6B-6997-40B9-B61B-A7948C9AE0FC}
	EndGlobalSection
EndGlobal
